
Microsoft Visual Studio Solution File, Format Version 12.00
# Visual Studio 15
VisualStudioVersion = 15.0.27130.2024
MinimumVisualStudioVersion = 10.0.40219.1
Project("{9A19103F-16F7-4668-BE54-9A1E7A4F7556}") = "LeedsSharp.ElasticSearch.IndexRunner", "LeedsSharp.ElasticSearch.IndexRunner\LeedsSharp.ElasticSearch.IndexRunner.csproj", "{88613961-5154-44B7-B62E-88F28B586F73}"
EndProject
Project("{FAE04EC0-301F-11D3-BF4B-00C04F79EFBC}") = "LeedsSharp.ElasticSearch.Common", "LeedsSharp.ElasticSearch.Common\LeedsSharp.ElasticSearch.Common.csproj", "{37C8EA7C-E177-4F68-A88B-5C9133492728}"
EndProject
Project("{FAE04EC0-301F-11D3-BF4B-00C04F79EFBC}") = "LeedsSharp.ElasticSearch.UI", "WebApplication\LeedsSharp.ElasticSearch.UI.csproj", "{09CD513F-BA98-4A3C-8E76-55FE2E73DBDD}"
EndProject
Global
	GlobalSection(SolutionConfigurationPlatforms) = preSolution
		Debug|Any CPU = Debug|Any CPU
		Release|Any CPU = Release|Any CPU
	EndGlobalSection
	GlobalSection(ProjectConfigurationPlatforms) = postSolution
		{88613961-5154-44B7-B62E-88F28B586F73}.Debug|Any CPU.ActiveCfg = Debug|Any CPU
		{88613961-5154-44B7-B62E-88F28B586F73}.Debug|Any CPU.Build.0 = Debug|Any CPU
		{88613961-5154-44B7-B62E-88F28B586F73}.Release|Any CPU.ActiveCfg = Release|Any CPU
		{88613961-5154-44B7-B62E-88F28B586F73}.Release|Any CPU.Build.0 = Release|Any CPU
		{37C8EA7C-E177-4F68-A88B-5C9133492728}.Debug|Any CPU.ActiveCfg = Debug|Any CPU
		{37C8EA7C-E177-4F68-A88B-5C9133492728}.Debug|Any CPU.Build.0 = Debug|Any CPU
		{37C8EA7C-E177-4F68-A88B-5C9133492728}.Release|Any CPU.ActiveCfg = Release|Any CPU
		{37C8EA7C-E177-4F68-A88B-5C9133492728}.Release|Any CPU.Build.0 = Release|Any CPU
		{09CD513F-BA98-4A3C-8E76-55FE2E73DBDD}.Debug|Any CPU.ActiveCfg = Debug|Any CPU
		{09CD513F-BA98-4A3C-8E76-55FE2E73DBDD}.Debug|Any CPU.Build.0 = Debug|Any CPU
		{09CD513F-BA98-4A3C-8E76-55FE2E73DBDD}.Release|Any CPU.ActiveCfg = Release|Any CPU
		{09CD513F-BA98-4A3C-8E76-55FE2E73DBDD}.Release|Any CPU.Build.0 = Release|Any CPU
	EndGlobalSection
	GlobalSection(SolutionProperties) = preSolution
		HideSolutionNode = FALSE
	EndGlobalSection
	GlobalSection(ExtensibilityGlobals) = postSolution
		SolutionGuid = {78A4E273-56D1-472C-BF74-30381F075D47}
	EndGlobalSection
EndGlobal
